
Microsoft Visual Studio Solution File, Format Version 12.00
# Visual Studio 15
VisualStudioVersion = 15.0.28010.2016
MinimumVisualStudioVersion = 10.0.40219.1
Project("{FAE04EC0-301F-11D3-BF4B-00C04F79EFBC}") = "Lab4Forms", "Lab4Forms\Lab4Forms.csproj", "{D21BCFDE-FDF7-4D28-8E99-A892C95A3392}"
EndProject
Global
	GlobalSection(SolutionConfigurationPlatforms) = preSolution
		Debug|Any CPU = Debug|Any CPU
		Release|Any CPU = Release|Any CPU
	EndGlobalSection
	GlobalSection(ProjectConfigurationPlatforms) = postSolution
		{D21BCFDE-FDF7-4D28-8E99-A892C95A3392}.Debug|Any CPU.ActiveCfg = Debug|Any CPU
		{D21BCFDE-FDF7-4D28-8E99-A892C95A3392}.Debug|Any CPU.Build.0 = Debug|Any CPU
		{D21BCFDE-FDF7-4D28-8E99-A892C95A3392}.Release|Any CPU.ActiveCfg = Release|Any CPU
		{D21BCFDE-FDF7-4D28-8E99-A892C95A3392}.Release|Any CPU.Build.0 = Release|Any CPU
	EndGlobalSection
	GlobalSection(SolutionProperties) = preSolution
		HideSolutionNode = FALSE
	EndGlobalSection
	GlobalSection(ExtensibilityGlobals) = postSolution
		SolutionGuid = {32A08F60-0713-4D59-81B9-E1D6B1B2C440}
	EndGlobalSection
EndGlobal
